
Microsoft Visual Studio Solution File, Format Version 12.00
# Visual Studio Version 17
VisualStudioVersion = 17.8.34511.84
MinimumVisualStudioVersion = 10.0.40219.1
Project("{FAE04EC0-301F-11D3-BF4B-00C04F79EFBC}") = "PiiDocIdentify.Functions", "PiiDocIdentify.Functions\PiiDocIdentify.Functions.csproj", "{1E0C7621-5F91-4B08-BE30-4FCB3358F197}"
EndProject
Global
	GlobalSection(SolutionConfigurationPlatforms) = preSolution
		Debug|Any CPU = Debug|Any CPU
		Release|Any CPU = Release|Any CPU
	EndGlobalSection
	GlobalSection(ProjectConfigurationPlatforms) = postSolution
		{1E0C7621-5F91-4B08-BE30-4FCB3358F197}.Debug|Any CPU.ActiveCfg = Debug|Any CPU
		{1E0C7621-5F91-4B08-BE30-4FCB3358F197}.Debug|Any CPU.Build.0 = Debug|Any CPU
		{1E0C7621-5F91-4B08-BE30-4FCB3358F197}.Release|Any CPU.ActiveCfg = Release|Any CPU
		{1E0C7621-5F91-4B08-BE30-4FCB3358F197}.Release|Any CPU.Build.0 = Release|Any CPU
	EndGlobalSection
	GlobalSection(SolutionProperties) = preSolution
		HideSolutionNode = FALSE
	EndGlobalSection
	GlobalSection(ExtensibilityGlobals) = postSolution
		SolutionGuid = {3F5769B4-8888-45AB-844C-8F71CDC0603D}
	EndGlobalSection
EndGlobal
